version = 1
revision = 3
requires-python = ">=3.10"

[[package]]
name = "asgs-gui"
version = "0.1.1"
source = { editable = "." }
dependencies = [
    { name = "psutil" },
    { name = "pyqt6" },
    { name = "pyqt6-qt6" },
]

[package.metadata]
requires-dist = [
    { name = "psutil", specifier = ">=7.2.2" },
    { name = "pyqt6", specifier = "==6.7.1" },
    { name = "pyqt6-qt6", specifier = "==6.7.3" },
]

[[package]]
name = "psutil"
version = "7.2.2"
source = { registry = "https://pypi.org/simple" }
sdist = { url = "https://files.pythonhosted.org/packages/aa/c6/d1ddf4abb55e93cebc4f2ed8b5d6dbad109ecb8d63748dd2b20ab5e57ebe/psutil-7.2.2.tar.gz", hash = "sha256:0746f5f8d406af344fd547f1c8daa5f5c33dbc293bb8d6a16d80b4bb88f59372", size = 493740, upload-time = "2026-01-28T18:14:54.428Z" }
wheels = [
    { url = "https://files.pythonhosted.org/packages/51/08/510cbdb69c25a96f4ae523f733cdc963ae654904e8db864c07585ef99875/psutil-7.2.2-cp313-cp313t-macosx_10_13_x86_64.whl", hash = "sha256:2edccc433cbfa046b980b0df0171cd25bcaeb3a68fe9022db0979e7aa74a826b", size = 130595, upload-time = "2026-01-28T18:14:57.293Z" },
    { url = "https://files.pythonhosted.org/packages/d6/f5/97baea3fe7a5a9af7436301f85490905379b1c6f2dd51fe3ecf24b4c5fbf/psutil-7.2.2-cp313-cp313t-macosx_11_0_arm64.whl", hash = "sha256:e78c8603dcd9a04c7364f1a3e670cea95d51ee865e4efb3556a3a63adef958ea", size = 131082, upload-time = "2026-01-28T18:14:59.732Z" },
    { url = "https://files.pythonhosted.org/packages/37/d6/246513fbf9fa174af531f28412297dd05241d97a75911ac8febefa1a53c6/psutil-7.2.2-cp313-cp313t-manylinux2010_x86_64.manylinux_2_12_x86_64.manylinux_2_28_x86_64.whl", hash = "sha256:1a571f2330c966c62aeda00dd24620425d4b0cc86881c89861fbc04549e5dc63", size = 181476, upload-time = "2026-01-28T18:15:01.884Z" },
    { url = "https://files.pythonhosted.org/packages/b8/b5/9182c9af3836cca61696dabe4fd1304e17bc56cb62f17439e1154f225dd3/psutil-7.2.2-cp313-cp313t-manylinux2014_aarch64.manylinux_2_17_aarch64.manylinux_2_28_aarch64.whl", hash = "sha256:917e891983ca3c1887b4ef36447b1e0873e70c933afc831c6b6da078ba474312", size = 184062, upload-time = "2026-01-28T18:15:04.436Z" },
    { url = "https://files.pythonhosted.org/packages/16/ba/0756dca669f5a9300d0cbcbfae9a4c30e446dfc7440ffe43ded5724bfd93/psutil-7.2.2-cp313-cp313t-win_amd64.whl", hash = "sha256:ab486563df44c17f5173621c7b198955bd6b613fb87c71c161f827d3fb149a9b", size = 139893, upload-time = "2026-01-28T18:15:06.378Z" },
    { url = "https://files.pythonhosted.org/packages/1c/61/8fa0e26f33623b49949346de05ec1ddaad02ed8ba64af45f40a147dbfa97/psutil-7.2.2-cp313-cp313t-win_arm64.whl", hash = "sha256:ae0aefdd8796a7737eccea863f80f81e468a1e4cf14d926bd9b6f5f2d5f90ca9", size = 135589, upload-time = "2026-01-28T18:15:08.03Z" },
    { url = "https://files.pythonhosted.org/packages/81/69/ef179ab5ca24f32acc1dac0c247fd6a13b501fd5534dbae0e05a1c48b66d/psutil-7.2.2-cp314-cp314t-macosx_10_15_x86_64.whl", hash = "sha256:eed63d3b4d62449571547b60578c5b2c4bcccc5387148db46e0c2313dad0ee00", size = 130664, upload-time = "2026-01-28T18:15:09.469Z" },
    { url = "https://files.pythonhosted.org/packages/7b/64/665248b557a236d3fa9efc378d60d95ef56dd0a490c2cd37dafc7660d4a9/psutil-7.2.2-cp314-cp314t-macosx_11_0_arm64.whl", hash = "sha256:7b6d09433a10592ce39b13d7be5a54fbac1d1228ed29abc880fb23df7cb694c9", size = 131087, upload-time = "2026-01-28T18:15:11.724Z" },
    { url = "https://files.pythonhosted.org/packages/d5/2e/e6782744700d6759ebce3043dcfa661fb61e2fb752b91cdeae9af12c2178/psutil-7.2.2-cp314-cp314t-manylinux2010_x86_64.manylinux_2_12_x86_64.manylinux_2_28_x86_64.whl", hash = "sha256:1fa4ecf83bcdf6e6c8f4449aff98eefb5d0604bf88cb883d7da3d8d2d909546a", size = 182383, upload-time = "2026-01-28T18:15:13.445Z" },
    { url = "https://files.pythonhosted.org/packages/57/49/0a41cefd10cb7505cdc04dab3eacf24c0c2cb158a998b8c7b1d27ee2c1f5/psutil-7.2.2-cp314-cp314t-manylinux2014_aarch64.manylinux_2_17_aarch64.manylinux_2_28_aarch64.whl", hash = "sha256:e452c464a02e7dc7822a05d25db4cde564444a67e58539a00f929c51eddda0cf", size = 185210, upload-time = "2026-01-28T18:15:16.002Z" },
    { url = "https://files.pythonhosted.org/packages/dd/2c/ff9bfb544f283ba5f83ba725a3c5fec6d6b10b8f27ac1dc641c473dc390d/psutil-7.2.2-cp314-cp314t-win_amd64.whl", hash = "sha256:c7663d4e37f13e884d13994247449e9f8f574bc4655d509c3b95e9ec9e2b9dc1", size = 141228, upload-time = "2026-01-28T18:15:18.385Z" },
    { url = "https://files.pythonhosted.org/packages/f2/fc/f8d9c31db14fcec13748d373e668bc3bed94d9077dbc17fb0eebc073233c/psutil-7.2.2-cp314-cp314t-win_arm64.whl", hash = "sha256:11fe5a4f613759764e79c65cf11ebdf26e33d6dd34336f8a337aa2996d71c841", size = 136284, upload-time = "2026-01-28T18:15:19.912Z" },
    { url = "https://files.pythonhosted.org/packages/e7/36/5ee6e05c9bd427237b11b3937ad82bb8ad2752d72c6969314590dd0c2f6e/psutil-7.2.2-cp36-abi3-macosx_10_9_x86_64.whl", hash = "sha256:ed0cace939114f62738d808fdcecd4c869222507e266e574799e9c0faa17d486", size = 129090, upload-time = "2026-01-28T18:15:22.168Z" },
    { url = "https://files.pythonhosted.org/packages/80/c4/f5af4c1ca8c1eeb2e92ccca14ce8effdeec651d5ab6053c589b074eda6e1/psutil-7.2.2-cp36-abi3-macosx_11_0_arm64.whl", hash = "sha256:1a7b04c10f32cc88ab39cbf606e117fd74721c831c98a27dc04578deb0c16979", size = 129859, upload-time = "2026-01-28T18:15:23.795Z" },
    { url = "https://files.pythonhosted.org/packages/b5/70/5d8df3b09e25bce090399cf48e452d25c935ab72dad19406c77f4e828045/psutil-7.2.2-cp36-abi3-manylinux2010_x86_64.manylinux_2_12_x86_64.manylinux_2_28_x86_64.whl", hash = "sha256:076a2d2f923fd4821644f5ba89f059523da90dc9014e85f8e45a5774ca5bc6f9", size = 155560, upload-time = "2026-01-28T18:15:25.976Z" },
    { url = "https://files.pythonhosted.org/packages/63/65/37648c0c158dc222aba51c089eb3bdfa238e621674dc42d48706e639204f/psutil-7.2.2-cp36-abi3-manylinux2014_aarch64.manylinux_2_17_aarch64.manylinux_2_28_aarch64.whl", hash = "sha256:b0726cecd84f9474419d67252add4ac0cd9811b04d61123054b9fb6f57df6e9e", size = 156997, upload-time = "2026-01-28T18:15:27.794Z" },
    { url = "https://files.pythonhosted.org/packages/8e/13/125093eadae863ce03c6ffdbae9929430d116a246ef69866dad94da3bfbc/psutil-7.2.2-cp36-abi3-musllinux_1_2_aarch64.whl", hash = "sha256:fd04ef36b4a6d599bbdb225dd1d3f51e00105f6d48a28f006da7f9822f2606d8", size = 148972, upload-time = "2026-01-28T18:15:29.342Z" },
    { url = "https://files.pythonhosted.org/packages/04/78/0acd37ca84ce3ddffaa92ef0f571e073faa6d8ff1f0559ab1272188ea2be/psutil-7.2.2-cp36-abi3-musllinux_1_2_x86_64.whl", hash = "sha256:b58fabe35e80b264a4e3bb23e6b96f9e45a3df7fb7eed419ac0e5947c61e47cc", size = 148266, upload-time = "2026-01-28T18:15:31.597Z" },
    { url = "https://files.pythonhosted.org/packages/b4/90/e2159492b5426be0c1fef7acba807a03511f97c5f86b3caeda6ad92351a7/psutil-7.2.2-cp37-abi3-win_amd64.whl", hash = "sha256:eb7e81434c8d223ec4a219b5fc1c47d0417b12be7ea866e24fb5ad6e84b3d988", size = 137737, upload-time = "2026-01-28T18:15:33.849Z" },
    { url = "https://files.pythonhosted.org/packages/8c/c7/7bb2e321574b10df20cbde462a94e2b71d05f9bbda251ef27d104668306a/psutil-7.2.2-cp37-abi3-win_arm64.whl", hash = "sha256:8c233660f575a5a89e6d4cb65d9f938126312bca76d8fe087b947b3a1aaac9ee", size = 134617, upload-time = "2026-01-28T18:15:36.514Z" },
]

[[package]]
name = "pyqt6"
version = "6.7.1"
source = { registry = "https://pypi.org/simple" }
dependencies = [
    { name = "pyqt6-qt6" },
    { name = "pyqt6-sip" },
]
sdist = { url = "https://files.pythonhosted.org/packages/d1/f9/b0c2ba758b14a7219e076138ea1e738c068bf388e64eee68f3df4fc96f5a/PyQt6-6.7.1.tar.gz", hash = "sha256:3672a82ccd3a62e99ab200a13903421e2928e399fda25ced98d140313ad59cb9", size = 1051212, upload-time = "2024-07-19T08:49:58.247Z" }
wheels = [
    { url = "https://files.pythonhosted.org/packages/45/b0/20a05cfe287a1bc5a034cfed002bb1999f71c15e53a6ab7886c010ea0ba3/PyQt6-6.7.1-1-cp38-abi3-manylinux_2_28_aarch64.whl", hash = "sha256:7f397f4b38b23b5588eb2c0933510deb953d96b1f0323a916c4839c2a66ccccc", size = 8020146, upload-time = "2024-07-31T09:50:04.992Z" },
    { url = "https://files.pythonhosted.org/packages/e4/d3/8789879c05cfe06127c4b59258632bd175fcdd9eaaadaf0c897b458fb91d/PyQt6-6.7.1-1-cp38-abi3-manylinux_2_28_x86_64.whl", hash = "sha256:c2f202b7941aa74e5c7e1463a6f27d9131dbc1e6cabe85571d7364f5b3de7397", size = 8227345, upload-time = "2024-07-31T09:50:13.511Z" },
    { url = "https://files.pythonhosted.org/packages/15/2b/a0c516931697214dcb93b24a62f54b7467194ba1c76f3f7a55cb3a120cc9/PyQt6-6.7.1-cp38-abi3-macosx_11_0_universal2.whl", hash = "sha256:f053378e3aef6248fa612c8afddda17f942fb63f9fe8a9aeb2a6b6b4cbb0eba9", size = 11871174, upload-time = "2024-07-19T08:49:21.831Z" },
    { url = "https://files.pythonhosted.org/packages/59/8c/3b528f5fa8dfc3d0ba07d8da37ea72dfc59352d80804a12507d7080efb30/PyQt6-6.7.1-cp38-abi3-manylinux_2_28_aarch64.whl", hash = "sha256:0adb7914c732ad1dee46d9cec838a98cb2b11bc38cc3b7b36fbd8701ae64bf47", size = 7999939, upload-time = "2024-07-19T08:49:30.82Z" },
    { url = "https://files.pythonhosted.org/packages/d8/58/5082dd3654da2b17de19057f181526df566f38af90f517cb8a541bea0890/PyQt6-6.7.1-cp38-abi3-manylinux_2_28_x86_64.whl", hash = "sha256:2d771fa0981514cb1ee937633dfa64f14caa902707d9afffab66677f3a73e3da", size = 8177790, upload-time = "2024-07-19T08:49:48.394Z" },
    { url = "https://files.pythonhosted.org/packages/a3/69/99d22ee685c08a99fcf2048d366fe6173ba6e43ee13b95a3a2ac2911c52c/PyQt6-6.7.1-cp38-abi3-win_amd64.whl", hash = "sha256:fa3954698233fe286a8afc477b84d8517f0788eb46b74da69d3ccc0170d3714c", size = 6596360, upload-time = "2024-07-19T08:49:55.594Z" },
]

[[package]]
name = "pyqt6-qt6"
version = "6.7.3"
source = { registry = "https://pypi.org/simple" }
wheels = [
    { url = "https://files.pythonhosted.org/packages/25/a2/9ef7c001068da2d3c8c37fe0e1e0451b1073d47c6ef4e44abf5883559963/PyQt6_Qt6-6.7.3-py3-none-macosx_10_14_x86_64.whl", hash = "sha256:f517a93b6b1a814d4aa6587adc312e812ebaf4d70415bb15cfb44268c5ad3f5f", size = 49136114, upload-time = "2024-09-29T16:25:15.055Z" },
    { url = "https://files.pythonhosted.org/packages/ec/63/a85bdd7c66800208f0af417bb4d07cb1543a75384021e4594e66d919f855/PyQt6_Qt6-6.7.3-py3-none-macosx_11_0_arm64.whl", hash = "sha256:8551732984fb36a5f4f3db51eafc4e8e6caf18617365830285306f2db17a94c2", size = 45762813, upload-time = "2024-09-29T16:25:20.956Z" },
    { url = "https://files.pythonhosted.org/packages/8a/6c/4f329f83a6082a7b4c1dc6046e2c48edb72e0d6d0ca3f8d0701fe134dccf/PyQt6_Qt6-6.7.3-py3-none-manylinux_2_28_aarch64.whl", hash = "sha256:50c7482bcdcf2bb78af257fb10ed8b582f8daf91d829782393bc50ac5a0a900c", size = 63801442, upload-time = "2024-09-29T16:25:26.637Z" },
    { url = "https://files.pythonhosted.org/packages/88/4d/26ca7239f7223e5b95b58a58537a09b069582ebb4dfa38234113a9f898ab/PyQt6_Qt6-6.7.3-py3-none-manylinux_2_28_x86_64.whl", hash = "sha256:cb525fdd393332de60887953029276a44de480fce1d785251ae639580f5e7246", size = 74366973, upload-time = "2024-09-29T16:25:33.595Z" },
    { url = "https://files.pythonhosted.org/packages/7e/57/3b44f6af1020fa543bd564c5bd346ba4aab1f1be0b861c2e8a0ad88cf3ca/PyQt6_Qt6-6.7.3-py3-none-win_amd64.whl", hash = "sha256:36ea0892b8caeb983af3f285f45fb8dfbb93cfd972439f4e01b7efb2868f6230", size = 58467498, upload-time = "2024-09-29T16:25:39.569Z" },
]

[[package]]
name = "pyqt6-sip"
version = "13.11.1"
source = { registry = "https://pypi.org/simple" }
sdist = { url = "https://files.pythonhosted.org/packages/90/24/a753e1af94b9ae5b2da63d4598457308da3cdbf0838c959381db086ccc86/pyqt6_sip-13.11.1.tar.gz", hash = "sha256:869c5b48afe38e55b1ee0dd72182b0886e968cc509b98023ff50010b013ce1be", size = 92574, upload-time = "2026-03-09T13:01:35.418Z" }
wheels = [
    { url = "https://files.pythonhosted.org/packages/10/5b/99ffdc6382fcd3bc9da24a024ce2ba61e93c9d92ca85f99f381f2e2c8cac/pyqt6_sip-13.11.1-cp310-cp310-macosx_10_9_universal2.whl", hash = "sha256:a2456a8a68de43f400ffd13f7f8728713434ded374e45fa7754afb9e087b2421", size = 110999, upload-time = "2026-03-09T13:01:01.107Z" },
    { url = "https://files.pythonhosted.org/packages/48/ed/1dbe26f5757ad19601b260cebba0b40c0d868639e3253b26f80e8a1cd9f8/pyqt6_sip-13.11.1-cp310-cp310-manylinux1_x86_64.manylinux_2_5_x86_64.whl", hash = "sha256:7a1b08421967e68a821d3ea97fcdc8413671aec817a0dc46b844ab4bb2ebab66", size = 280567, upload-time = "2026-03-09T13:01:04.616Z" },
    { url = "https://files.pythonhosted.org/packages/ef/30/cded90fa556be3f6836c44bab5dd06b47664a20ffb47e7fdfa9538d7c5db/pyqt6_sip-13.11.1-cp310-cp310-manylinux_2_17_aarch64.manylinux2014_aarch64.whl", hash = "sha256:dd8be768799be1a29857ea0125b1d365021a8a014c1d746f0df6b7ba0400edef", size = 304088, upload-time = "2026-03-09T13:01:02.89Z" },
    { url = "https://files.pythonhosted.org/packages/ee/bb/05665db5d674c557562ec47e5703823e37c4bc943f7b3466c730a0fdeb15/pyqt6_sip-13.11.1-cp310-cp310-win_amd64.whl", hash = "sha256:7677fa1d0e3f933838e5dd8e03ebd6cd4dfc994c9e9b24e8aabd1b3ccecb2430", size = 54032, upload-time = "2026-03-09T13:01:06.316Z" },
    { url = "https://files.pythonhosted.org/packages/46/fa/049879f61888462099dcbab495ad16df770cca2432330cca0767ab8e87cb/pyqt6_sip-13.11.1-cp311-cp311-macosx_10_9_universal2.whl", hash = "sha256:c0ec2128c174db352bec1c8d23a437e970e8d5a78ac50315d8dfc671fcf7a7da", size = 111056, upload-time = "2026-03-09T13:01:07.998Z" },
    { url = "https://files.pythonhosted.org/packages/d5/0d/6ee861c53f3f7e6c5dd34a441d17aad1dfb3d50ce1f1a024cc9194ac3db3/pyqt6_sip-13.11.1-cp311-cp311-manylinux1_x86_64.manylinux_2_5_x86_64.whl", hash = "sha256:6aa6c15ad3a9bb86e69119baff77b4ac17c47e55ee567abff616a4652051a6cc", size = 289930, upload-time = "2026-03-09T13:01:11.122Z" },
    { url = "https://files.pythonhosted.org/packages/ca/39/c975733d7204a594e6ae51d3a810aad539d09718aa3ceeb0dd28cb3276bd/pyqt6_sip-13.11.1-cp311-cp311-manylinux_2_17_aarch64.manylinux2014_aarch64.whl", hash = "sha256:0ee652b272373c4f9287625ef32ad4ec1f0755c24928dc958a870b7a928b288c", size = 315827, upload-time = "2026-03-09T13:01:09.48Z" },
    { url = "https://files.pythonhosted.org/packages/4a/d6/c40e8ae38a6e2bce9e837b64688f55746bfdad1aa557eb733fb5e90edd7c/pyqt6_sip-13.11.1-cp311-cp311-win_amd64.whl", hash = "sha256:98db8ed37cf08130e1ee74b8ff47a6bfb8c3cdfe826310597a630a50e47feedc", size = 54029, upload-time = "2026-03-09T13:01:12.261Z" },
    { url = "https://files.pythonhosted.org/packages/fb/63/ec8c21ef9edffb55af42c637325d72eca4ea90a73ab714aaa1429c757e85/pyqt6_sip-13.11.1-cp311-cp311-win_arm64.whl", hash = "sha256:3af7a49dce4c35c5464309232c81cc1da5ec6074f46d2957831ee4031b8eefa6", size = 48458, upload-time = "2026-03-09T13:01:13.689Z" },
    { url = "https://files.pythonhosted.org/packages/46/27/47598e701d284497216bf97bf8b6a69f5e61412e716c232ff2b7e6cb2100/pyqt6_sip-13.11.1-cp312-cp312-macosx_10_9_universal2.whl", hash = "sha256:ba9d362dd1e54b43bc2594f8841e1e39d24789716d28f08e5c9282af9fca342c", size = 112564, upload-time = "2026-03-09T13:01:14.628Z" },
    { url = "https://files.pythonhosted.org/packages/95/cb/116f9b328636765f3bce97d9e10ec041c54bbe92beb0617edb86c2b615c1/pyqt6_sip-13.11.1-cp312-cp312-manylinux1_x86_64.manylinux_2_5_x86_64.whl", hash = "sha256:0df15849946cea969d3ff2b24b76149262b6044aea2c5403e4f70c24c973a4c8", size = 299564, upload-time = "2026-03-09T13:01:17.292Z" },
    { url = "https://files.pythonhosted.org/packages/1b/be/fe2321285e8f683e705d199dbb458131f1850dc5966155a19c40100c85bb/pyqt6_sip-13.11.1-cp312-cp312-manylinux_2_17_aarch64.manylinux2014_aarch64.whl", hash = "sha256:c52b2b27fc77d9447a8dc1c6de1aaccc22d41e48697aafb2f2f20b8984bb02a5", size = 321210, upload-time = "2026-03-09T13:01:15.904Z" },
    { url = "https://files.pythonhosted.org/packages/ec/9b/7d4b10f9cba1b6f581dfb4860b9d11898da55a5ed3b8a6e7a1bf9f7084d0/pyqt6_sip-13.11.1-cp312-cp312-win_amd64.whl", hash = "sha256:1d1c67179c1924b28e3d7f04585639e7a7c0946f62390efc6ccf2a6206e595d3", size = 53351, upload-time = "2026-03-09T13:01:19.327Z" },
    { url = "https://files.pythonhosted.org/packages/06/72/6c4e6f21cafa4bed40d2b0c1563525b0d8bfcb5734493696f4cfd043b45f/pyqt6_sip-13.11.1-cp312-cp312-win_arm64.whl", hash = "sha256:d83543125fe9fdb153e7e446c3b4d056d80ab5953644660633ab3f80e7784194", size = 48746, upload-time = "2026-03-09T13:01:20.248Z" },
    { url = "https://files.pythonhosted.org/packages/ee/0b/dc76c463c203e630b2c6417d4d5e337e919a265ac1c10127ef413551f5de/pyqt6_sip-13.11.1-cp313-cp313-macosx_10_13_universal2.whl", hash = "sha256:0c6d097aae7df312519e2b36e001bd796f6a2ce060ab8b9ed793daa8f407fe2e", size = 112552, upload-time = "2026-03-09T13:01:21.493Z" },
    { url = "https://files.pythonhosted.org/packages/d4/e3/65b605759859d38231ce7544065d4c61f891eb7766c351318e2a0b08a473/pyqt6_sip-13.11.1-cp313-cp313-manylinux1_x86_64.manylinux_2_5_x86_64.whl", hash = "sha256:a72f4ebdab16a8a484019ff593de90d8013d3286b678c6ba1c0bdb117f4fcb13", size = 299932, upload-time = "2026-03-09T13:01:24.912Z" },
    { url = "https://files.pythonhosted.org/packages/60/f7/c10d2dd5bf503a1de83bd163467bd323f12af016866c2814743b5b1efe1c/pyqt6_sip-13.11.1-cp313-cp313-manylinux_2_17_aarch64.manylinux2014_aarch64.whl", hash = "sha256:b68e442efc4275651bf63f2c43713e242924fd948909e31cf8f20d783ca505e9", size = 321497, upload-time = "2026-03-09T13:01:22.724Z" },
    { url = "https://files.pythonhosted.org/packages/e1/1f/e7e5ad77a76c00db5c8c1b9960f2b0672ec1978b971bb3509858cd7a9458/pyqt6_sip-13.11.1-cp313-cp313-win_amd64.whl", hash = "sha256:ca24bfd4d5d8274e338433df9ac41930650088c00018d3313c6bd8de21772a02", size = 53371, upload-time = "2026-03-09T13:01:26.286Z" },
    { url = "https://files.pythonhosted.org/packages/36/ef/a7acaf44980aed6fe26f1320e265db528fecb6a47ac67829c7cd011e9821/pyqt6_sip-13.11.1-cp313-cp313-win_arm64.whl", hash = "sha256:f532144c43f2fddcccf2e25df50cdb4a744edb4ce4ba5ed2d0f2cef825197f2f", size = 48745, upload-time = "2026-03-09T13:01:27.212Z" },
    { url = "https://files.pythonhosted.org/packages/20/1d/62c633faedef5bb3b8c7486a72e8a6466adaa2a14efcfccf85bb23426748/pyqt6_sip-13.11.1-cp314-cp314-macosx_10_15_universal2.whl", hash = "sha256:cb931c1af45294bbe8039c5cfda184e3023f5dc766fc884964010eedd8fd85db", size = 112678, upload-time = "2026-03-09T13:01:28.15Z" },
    { url = "https://files.pythonhosted.org/packages/03/72/5a3d9ffef0caa7e1bc7a35d6300f6099bfccd1d8a485b4320ba20013a2d9/pyqt6_sip-13.11.1-cp314-cp314-manylinux1_x86_64.manylinux_2_5_x86_64.whl", hash = "sha256:353d613129316e9f7eda6bbe821deb7b7ffa14483499189171fd8a246873f9ac", size = 299560, upload-time = "2026-03-09T13:01:32.134Z" },
    { url = "https://files.pythonhosted.org/packages/98/f4/886f901f1e04da717a11e180ba19a9c7fc62da170966d57206006f173bda/pyqt6_sip-13.11.1-cp314-cp314-manylinux_2_17_aarch64.manylinux2014_aarch64.whl", hash = "sha256:fcadd68e09ee24cdda8f8bfcba52e59c9b297055d2c450f0eb89afa61a8dc31a", size = 321846, upload-time = "2026-03-09T13:01:29.817Z" },
    { url = "https://files.pythonhosted.org/packages/96/f2/b68fd566f7f86dbb53d933489e70487cabaea0e0161690e4899653bbc7fb/pyqt6_sip-13.11.1-cp314-cp314-win_amd64.whl", hash = "sha256:581e287bf42587593b88b30d9db06ed0fccbf40f345a5bd3ec3f00a5692e2430", size = 55055, upload-time = "2026-03-09T13:01:33.467Z" },
    { url = "https://files.pythonhosted.org/packages/8d/42/efb7ced69f7d1d31eb8f19b2d778aeb182be7e070569d02b9057ac478e3e/pyqt6_sip-13.11.1-cp314-cp314-win_arm64.whl", hash = "sha256:42b62530a9b6a9c6e29c2941b8ab78258652da0aeae4eb1fc9a0631d19a7a7b2", size = 49597, upload-time = "2026-03-09T13:01:34.49Z" },
]
